
Microsoft Visual Studio Solution File, Format Version 12.00
# Visual Studio 15
VisualStudioVersion = 15.0.27004.2002
MinimumVisualStudioVersion = 10.0.40219.1
Project("{FAE04EC0-301F-11D3-BF4B-00C04F79EFBC}") = "ShinyTodoWebApp", "ShinyTodoWebApp\ShinyTodoWebApp.csproj", "{6FE5D7C3-D945-45C2-932C-751ECDA56240}"
EndProject
Global
	GlobalSection(SolutionConfigurationPlatforms) = preSolution
		Debug|Any CPU = Debug|Any CPU
		Release|Any CPU = Release|Any CPU
	EndGlobalSection
	GlobalSection(ProjectConfigurationPlatforms) = postSolution
		{6FE5D7C3-D945-45C2-932C-751ECDA56240}.Debug|Any CPU.ActiveCfg = Debug|Any CPU
		{6FE5D7C3-D945-45C2-932C-751ECDA56240}.Debug|Any CPU.Build.0 = Debug|Any CPU
		{6FE5D7C3-D945-45C2-932C-751ECDA56240}.Release|Any CPU.ActiveCfg = Release|Any CPU
		{6FE5D7C3-D945-45C2-932C-751ECDA56240}.Release|Any CPU.Build.0 = Release|Any CPU
	EndGlobalSection
	GlobalSection(SolutionProperties) = preSolution
		HideSolutionNode = FALSE
	EndGlobalSection
	GlobalSection(ExtensibilityGlobals) = postSolution
		SolutionGuid = {BD17965C-EA98-4852-A85C-B17AA179218F}
	EndGlobalSection
EndGlobal
